
Microsoft Visual Studio Solution File, Format Version 12.00
# Visual Studio 2012
Project("{FAE04EC0-301F-11D3-BF4B-00C04F79EFBC}") = "YouthConference", "YouthConference\YouthConference.csproj", "{5ECFBF91-5FF4-48C1-882F-14288DCC9AD0}"
EndProject
Project("{FAE04EC0-301F-11D3-BF4B-00C04F79EFBC}") = "YouthConference.Models", "YouthConference.Models\YouthConference.Models.csproj", "{C50145E6-A244-4F1F-B41F-90D1925B4A00}"
EndProject
Project("{FAE04EC0-301F-11D3-BF4B-00C04F79EFBC}") = "YouthConference.DataAccess", "YouthConference.DataAccess\YouthConference.DataAccess.csproj", "{21B41228-C495-4500-A0CD-DA83C974694B}"
EndProject
Project("{FAE04EC0-301F-11D3-BF4B-00C04F79EFBC}") = "YouthConference.Common", "YouthConference.Common\YouthConference.Common.csproj", "{6AE11AD6-D21B-44DB-955B-00C74B800970}"
EndProject
Global
	GlobalSection(SolutionConfigurationPlatforms) = preSolution
		Debug|Any CPU = Debug|Any CPU
		Release|Any CPU = Release|Any CPU
	EndGlobalSection
	GlobalSection(ProjectConfigurationPlatforms) = postSolution
		{5ECFBF91-5FF4-48C1-882F-14288DCC9AD0}.Debug|Any CPU.ActiveCfg = Debug|Any CPU
		{5ECFBF91-5FF4-48C1-882F-14288DCC9AD0}.Debug|Any CPU.Build.0 = Debug|Any CPU
		{5ECFBF91-5FF4-48C1-882F-14288DCC9AD0}.Release|Any CPU.ActiveCfg = Release|Any CPU
		{5ECFBF91-5FF4-48C1-882F-14288DCC9AD0}.Release|Any CPU.Build.0 = Release|Any CPU
		{C50145E6-A244-4F1F-B41F-90D1925B4A00}.Debug|Any CPU.ActiveCfg = Debug|Any CPU
		{C50145E6-A244-4F1F-B41F-90D1925B4A00}.Debug|Any CPU.Build.0 = Debug|Any CPU
		{C50145E6-A244-4F1F-B41F-90D1925B4A00}.Release|Any CPU.ActiveCfg = Release|Any CPU
		{C50145E6-A244-4F1F-B41F-90D1925B4A00}.Release|Any CPU.Build.0 = Release|Any CPU
		{21B41228-C495-4500-A0CD-DA83C974694B}.Debug|Any CPU.ActiveCfg = Debug|Any CPU
		{21B41228-C495-4500-A0CD-DA83C974694B}.Debug|Any CPU.Build.0 = Debug|Any CPU
		{21B41228-C495-4500-A0CD-DA83C974694B}.Release|Any CPU.ActiveCfg = Release|Any CPU
		{21B41228-C495-4500-A0CD-DA83C974694B}.Release|Any CPU.Build.0 = Release|Any CPU
		{6AE11AD6-D21B-44DB-955B-00C74B800970}.Debug|Any CPU.ActiveCfg = Debug|Any CPU
		{6AE11AD6-D21B-44DB-955B-00C74B800970}.Debug|Any CPU.Build.0 = Debug|Any CPU
		{6AE11AD6-D21B-44DB-955B-00C74B800970}.Release|Any CPU.ActiveCfg = Release|Any CPU
		{6AE11AD6-D21B-44DB-955B-00C74B800970}.Release|Any CPU.Build.0 = Release|Any CPU
	EndGlobalSection
	GlobalSection(SolutionProperties) = preSolution
		HideSolutionNode = FALSE
	EndGlobalSection
EndGlobal
